# This file is automatically @generated by Cargo.
# It is not intended for manual editing.
version = 4

[[package]]
name = "rdb-application"
version = "0.1.0"

[[package]]
name = "rdb-domain"
version = "0.1.0"

[[package]]
name = "rdb-infrastructure"
version = "0.1.0"

[[package]]
name = "rdb-interface"
version = "0.1.0"

[[package]]
name = "rdb-sql"
version = "0.1.0"

[[package]]
name = "rdb-storage"
version = "0.1.0"
